
Microsoft Visual Studio Solution File, Format Version 12.00
# Visual Studio Version 16
VisualStudioVersion = 16.0.31321.278
MinimumVisualStudioVersion = 10.0.40219.1
Project("{FAE04EC0-301F-11D3-BF4B-00C04F79EFBC}") = "TaskListApplication", "TaskListApplication.csproj", "{DED6B72B-7354-490F-AB5E-9A9761A59D7B}"
EndProject
Global
	GlobalSection(SolutionConfigurationPlatforms) = preSolution
		Debug|Any CPU = Debug|Any CPU
		Release|Any CPU = Release|Any CPU
	EndGlobalSection
	GlobalSection(ProjectConfigurationPlatforms) = postSolution
		{DED6B72B-7354-490F-AB5E-9A9761A59D7B}.Debug|Any CPU.ActiveCfg = Debug|Any CPU
		{DED6B72B-7354-490F-AB5E-9A9761A59D7B}.Debug|Any CPU.Build.0 = Debug|Any CPU
		{DED6B72B-7354-490F-AB5E-9A9761A59D7B}.Release|Any CPU.ActiveCfg = Release|Any CPU
		{DED6B72B-7354-490F-AB5E-9A9761A59D7B}.Release|Any CPU.Build.0 = Release|Any CPU
	EndGlobalSection
	GlobalSection(SolutionProperties) = preSolution
		HideSolutionNode = FALSE
	EndGlobalSection
	GlobalSection(ExtensibilityGlobals) = postSolution
		SolutionGuid = {B8F6C456-E30B-4BA3-9B1C-56D8984F22EA}
	EndGlobalSection
EndGlobal
